
Microsoft Visual Studio Solution File, Format Version 12.00
# Visual Studio Version 17
VisualStudioVersion = 17.9.34723.18
MinimumVisualStudioVersion = 10.0.40219.1
Project("{FAE04EC0-301F-11D3-BF4B-00C04F79EFBC}") = "LifeGuard", "LifeGuard\LifeGuard.csproj", "{2FF1899B-A089-4072-9087-E6676B6AB671}"
EndProject
Global
	GlobalSection(SolutionConfigurationPlatforms) = preSolution
		Debug|Any CPU = Debug|Any CPU
		Release|Any CPU = Release|Any CPU
	EndGlobalSection
	GlobalSection(ProjectConfigurationPlatforms) = postSolution
		{2FF1899B-A089-4072-9087-E6676B6AB671}.Debug|Any CPU.ActiveCfg = Debug|Any CPU
		{2FF1899B-A089-4072-9087-E6676B6AB671}.Debug|Any CPU.Build.0 = Debug|Any CPU
		{2FF1899B-A089-4072-9087-E6676B6AB671}.Release|Any CPU.ActiveCfg = Release|Any CPU
		{2FF1899B-A089-4072-9087-E6676B6AB671}.Release|Any CPU.Build.0 = Release|Any CPU
	EndGlobalSection
	GlobalSection(SolutionProperties) = preSolution
		HideSolutionNode = FALSE
	EndGlobalSection
	GlobalSection(ExtensibilityGlobals) = postSolution
		SolutionGuid = {C3AF60B9-8370-4036-B7BC-5384F1E2CCFF}
	EndGlobalSection
EndGlobal
